Microsoft Visual Studio Solution File, Format Version 9.00
# Visual Studio 2005
Project("{8BC9CEB8-8B4A-11D0-8D11-00A0C91BC942}") = "”Œœ∑µ»º∂", "GameRank.vcproj", "{974DE662-8429-45CB-8497-0E460405D84C}"
EndProject
Global
	GlobalSection(SolutionConfigurationPlatforms) = preSolution
		Debug|Win32 = Debug|Win32
		Release|Win32 = Release|Win32
	EndGlobalSection
	GlobalSection(ProjectConfigurationPlatforms) = postSolution
		{974DE662-8429-45CB-8497-0E460405D84C}.Debug|Win32.ActiveCfg = Debug|Win32
		{974DE662-8429-45CB-8497-0E460405D84C}.Debug|Win32.Build.0 = Debug|Win32
		{974DE662-8429-45CB-8497-0E460405D84C}.Release|Win32.ActiveCfg = Release|Win32
		{974DE662-8429-45CB-8497-0E460405D84C}.Release|Win32.Build.0 = Release|Win32
	EndGlobalSection
	GlobalSection(SolutionProperties) = preSolution
		HideSolutionNode = FALSE
	EndGlobalSection
EndGlobal
