Microsoft Visual Studio Solution File, Format Version 8.00
Project("{8BC9CEB8-8B4A-11D0-8D11-00A0C91BC942}") = "example", "example.vcproj", "{C698A5D1-0A7B-44B3-BAE9-7BC3A3B65049}"
	ProjectSection(ProjectDependencies) = postProject
		{A957421C-6E09-4707-8805-E2F6879FA112} = {A957421C-6E09-4707-8805-E2F6879FA112}
	EndProjectSection
EndProject
Project("{8BC9CEB8-8B4A-11D0-8D11-00A0C91BC942}") = "minigzip", "minigzip.vcproj", "{924BEC9C-4413-4EA4-BC5B-992F187457B5}"
	ProjectSection(ProjectDependencies) = postProject
		{A957421C-6E09-4707-8805-E2F6879FA112} = {A957421C-6E09-4707-8805-E2F6879FA112}
	EndProjectSection
EndProject
Project("{8BC9CEB8-8B4A-11D0-8D11-00A0C91BC942}") = "zlib", "zlib.vcproj", "{A957421C-6E09-4707-8805-E2F6879FA112}"
	ProjectSection(ProjectDependencies) = postProject
	EndProjectSection
EndProject
Global
	GlobalSection(SolutionConfiguration) = preSolution
		DLL ASM Debug = DLL ASM Debug
		DLL ASM Release = DLL ASM Release
		DLL Debug = DLL Debug
		DLL Release = DLL Release
		LIB ASM Debug = LIB ASM Debug
		LIB ASM Release = LIB ASM Release
		LIB Debug = LIB Debug
		LIB Release = LIB Release
	EndGlobalSection
	GlobalSection(ProjectConfiguration) = postSolution
		{C698A5D1-0A7B-44B3-BAE9-7BC3A3B65049}.DLL ASM Debug.ActiveCfg = DLL ASM Debug|Win32
		{C698A5D1-0A7B-44B3-BAE9-7BC3A3B65049}.DLL ASM Debug.Build.0 = DLL ASM Debug|Win32
		{C698A5D1-0A7B-44B3-BAE9-7BC3A3B65049}.DLL ASM Release.ActiveCfg = DLL ASM Release|Win32
		{C698A5D1-0A7B-44B3-BAE9-7BC3A3B65049}.DLL ASM Release.Build.0 = DLL ASM Release|Win32
		{C698A5D1-0A7B-44B3-BAE9-7BC3A3B65049}.DLL Debug.ActiveCfg = DLL Debug|Win32
		{C698A5D1-0A7B-44B3-BAE9-7BC3A3B65049}.DLL Debug.Build.0 = DLL Debug|Win32
		{C698A5D1-0A7B-44B3-BAE9-7BC3A3B65049}.DLL Release.ActiveCfg = DLL Release|Win32
		{C698A5D1-0A7B-44B3-BAE9-7BC3A3B65049}.DLL Release.Build.0 = DLL Release|Win32
		{C698A5D1-0A7B-44B3-BAE9-7BC3A3B65049}.LIB ASM Debug.ActiveCfg = LIB ASM Debug|Win32
		{C698A5D1-0A7B-44B3-BAE9-7BC3A3B65049}.LIB ASM Debug.Build.0 = LIB ASM Debug|Win32
		{C698A5D1-0A7B-44B3-BAE9-7BC3A3B65049}.LIB ASM Release.ActiveCfg = LIB ASM Release|Win32
		{C698A5D1-0A7B-44B3-BAE9-7BC3A3B65049}.LIB ASM Release.Build.0 = LIB ASM Release|Win32
		{C698A5D1-0A7B-44B3-BAE9-7BC3A3B65049}.LIB Debug.ActiveCfg = LIB Debug|Win32
		{C698A5D1-0A7B-44B3-BAE9-7BC3A3B65049}.LIB Debug.Build.0 = LIB Debug|Win32
		{C698A5D1-0A7B-44B3-BAE9-7BC3A3B65049}.LIB Release.ActiveCfg = LIB Release|Win32
		{C698A5D1-0A7B-44B3-BAE9-7BC3A3B65049}.LIB Release.Build.0 = LIB Release|Win32
		{924BEC9C-4413-4EA4-BC5B-992F187457B5}.DLL ASM Debug.ActiveCfg = DLL ASM Debug|Win32
		{924BEC9C-4413-4EA4-BC5B-992F187457B5}.DLL ASM Debug.Build.0 = DLL ASM Debug|Win32
		{924BEC9C-4413-4EA4-BC5B-992F187457B5}.DLL ASM Release.ActiveCfg = DLL ASM Release|Win32
		{924BEC9C-4413-4EA4-BC5B-992F187457B5}.DLL ASM Release.Build.0 = DLL ASM Release|Win32
		{924BEC9C-4413-4EA4-BC5B-992F187457B5}.DLL Debug.ActiveCfg = DLL Debug|Win32
		{924BEC9C-4413-4EA4-BC5B-992F187457B5}.DLL Debug.Build.0 = DLL Debug|Win32
		{924BEC9C-4413-4EA4-BC5B-992F187457B5}.DLL Release.ActiveCfg = DLL Release|Win32
		{924BEC9C-4413-4EA4-BC5B-992F187457B5}.DLL Release.Build.0 = DLL Release|Win32
		{924BEC9C-4413-4EA4-BC5B-992F187457B5}.LIB ASM Debug.ActiveCfg = LIB ASM Debug|Win32
		{924BEC9C-4413-4EA4-BC5B-992F187457B5}.LIB ASM Debug.Build.0 = LIB ASM Debug|Win32
		{924BEC9C-4413-4EA4-BC5B-992F187457B5}.LIB ASM Release.ActiveCfg = LIB ASM Release|Win32
		{924BEC9C-4413-4EA4-BC5B-992F187457B5}.LIB ASM Release.Build.0 = LIB ASM Release|Win32
		{924BEC9C-4413-4EA4-BC5B-992F187457B5}.LIB Debug.ActiveCfg = LIB Debug|Win32
		{924BEC9C-4413-4EA4-BC5B-992F187457B5}.LIB Debug.Build.0 = LIB Debug|Win32
		{924BEC9C-4413-4EA4-BC5B-992F187457B5}.LIB Release.ActiveCfg = LIB Release|Win32
		{924BEC9C-4413-4EA4-BC5B-992F187457B5}.LIB Release.Build.0 = LIB Release|Win32
		{A957421C-6E09-4707-8805-E2F6879FA112}.DLL ASM Debug.ActiveCfg = DLL ASM Debug|Win32
		{A957421C-6E09-4707-8805-E2F6879FA112}.DLL ASM Debug.Build.0 = DLL ASM Debug|Win32
		{A957421C-6E09-4707-8805-E2F6879FA112}.DLL ASM Release.ActiveCfg = DLL ASM Release|Win32
		{A957421C-6E09-4707-8805-E2F6879FA112}.DLL ASM Release.Build.0 = DLL ASM Release|Win32
		{A957421C-6E09-4707-8805-E2F6879FA112}.DLL Debug.ActiveCfg = DLL Debug|Win32
		{A957421C-6E09-4707-8805-E2F6879FA112}.DLL Debug.Build.0 = DLL Debug|Win32
		{A957421C-6E09-4707-8805-E2F6879FA112}.DLL Release.ActiveCfg = DLL Release|Win32
		{A957421C-6E09-4707-8805-E2F6879FA112}.DLL Release.Build.0 = DLL Release|Win32
		{A957421C-6E09-4707-8805-E2F6879FA112}.LIB ASM Debug.ActiveCfg = LIB ASM Debug|Win32
		{A957421C-6E09-4707-8805-E2F6879FA112}.LIB ASM Debug.Build.0 = LIB ASM Debug|Win32
		{A957421C-6E09-4707-8805-E2F6879FA112}.LIB ASM Release.ActiveCfg = LIB ASM Release|Win32
		{A957421C-6E09-4707-8805-E2F6879FA112}.LIB ASM Release.Build.0 = LIB ASM Release|Win32
		{A957421C-6E09-4707-8805-E2F6879FA112}.LIB Debug.ActiveCfg = LIB Debug|Win32
		{A957421C-6E09-4707-8805-E2F6879FA112}.LIB Debug.Build.0 = LIB Debug|Win32
		{A957421C-6E09-4707-8805-E2F6879FA112}.LIB Release.ActiveCfg = LIB Release|Win32
		{A957421C-6E09-4707-8805-E2F6879FA112}.LIB Release.Build.0 = LIB Release|Win32
	EndGlobalSection
	GlobalSection(ExtensibilityGlobals) = postSolution
	EndGlobalSection
	GlobalSection(ExtensibilityAddIns) = postSolution
	EndGlobalSection
EndGlobal
